
Microsoft Visual Studio Solution File, Format Version 12.00
# Visual Studio 15
VisualStudioVersion = 15.0.26124.0
MinimumVisualStudioVersion = 15.0.26124.0
Project("{FAE04EC0-301F-11D3-BF4B-00C04F79EFBC}") = "PaymentContext.Domain", "PaymentContext.Domain\PaymentContext.Domain.csproj", "{993D85E0-8A6B-41C5-96C3-42E13A3135ED}"
EndProject
Project("{FAE04EC0-301F-11D3-BF4B-00C04F79EFBC}") = "PaymentContext.Shared", "PaymentContext.Shared\PaymentContext.Shared.csproj", "{9ADA6BE1-97FA-41FC-A9BD-BE983CF4B49A}"
EndProject
Project("{FAE04EC0-301F-11D3-BF4B-00C04F79EFBC}") = "PaymentContext.Tests", "PaymentContext.Tests\PaymentContext.Tests.csproj", "{A76D6DE8-A9CD-4F2B-AA86-76A8E9773F9B}"
EndProject
Global
	GlobalSection(SolutionConfigurationPlatforms) = preSolution
		Debug|Any CPU = Debug|Any CPU
		Debug|x64 = Debug|x64
		Debug|x86 = Debug|x86
		Release|Any CPU = Release|Any CPU
		Release|x64 = Release|x64
		Release|x86 = Release|x86
	EndGlobalSection
	GlobalSection(SolutionProperties) = preSolution
		HideSolutionNode = FALSE
	EndGlobalSection
	GlobalSection(ProjectConfigurationPlatforms) = postSolution
		{993D85E0-8A6B-41C5-96C3-42E13A3135ED}.Debug|Any CPU.ActiveCfg = Debug|Any CPU
		{993D85E0-8A6B-41C5-96C3-42E13A3135ED}.Debug|Any CPU.Build.0 = Debug|Any CPU
		{993D85E0-8A6B-41C5-96C3-42E13A3135ED}.Debug|x64.ActiveCfg = Debug|Any CPU
		{993D85E0-8A6B-41C5-96C3-42E13A3135ED}.Debug|x64.Build.0 = Debug|Any CPU
		{993D85E0-8A6B-41C5-96C3-42E13A3135ED}.Debug|x86.ActiveCfg = Debug|Any CPU
		{993D85E0-8A6B-41C5-96C3-42E13A3135ED}.Debug|x86.Build.0 = Debug|Any CPU
		{993D85E0-8A6B-41C5-96C3-42E13A3135ED}.Release|Any CPU.ActiveCfg = Release|Any CPU
		{993D85E0-8A6B-41C5-96C3-42E13A3135ED}.Release|Any CPU.Build.0 = Release|Any CPU
		{993D85E0-8A6B-41C5-96C3-42E13A3135ED}.Release|x64.ActiveCfg = Release|Any CPU
		{993D85E0-8A6B-41C5-96C3-42E13A3135ED}.Release|x64.Build.0 = Release|Any CPU
		{993D85E0-8A6B-41C5-96C3-42E13A3135ED}.Release|x86.ActiveCfg = Release|Any CPU
		{993D85E0-8A6B-41C5-96C3-42E13A3135ED}.Release|x86.Build.0 = Release|Any CPU
		{9ADA6BE1-97FA-41FC-A9BD-BE983CF4B49A}.Debug|Any CPU.ActiveCfg = Debug|Any CPU
		{9ADA6BE1-97FA-41FC-A9BD-BE983CF4B49A}.Debug|Any CPU.Build.0 = Debug|Any CPU
		{9ADA6BE1-97FA-41FC-A9BD-BE983CF4B49A}.Debug|x64.ActiveCfg = Debug|Any CPU
		{9ADA6BE1-97FA-41FC-A9BD-BE983CF4B49A}.Debug|x64.Build.0 = Debug|Any CPU
		{9ADA6BE1-97FA-41FC-A9BD-BE983CF4B49A}.Debug|x86.ActiveCfg = Debug|Any CPU
		{9ADA6BE1-97FA-41FC-A9BD-BE983CF4B49A}.Debug|x86.Build.0 = Debug|Any CPU
		{9ADA6BE1-97FA-41FC-A9BD-BE983CF4B49A}.Release|Any CPU.ActiveCfg = Release|Any CPU
		{9ADA6BE1-97FA-41FC-A9BD-BE983CF4B49A}.Release|Any CPU.Build.0 = Release|Any CPU
		{9ADA6BE1-97FA-41FC-A9BD-BE983CF4B49A}.Release|x64.ActiveCfg = Release|Any CPU
		{9ADA6BE1-97FA-41FC-A9BD-BE983CF4B49A}.Release|x64.Build.0 = Release|Any CPU
		{9ADA6BE1-97FA-41FC-A9BD-BE983CF4B49A}.Release|x86.ActiveCfg = Release|Any CPU
		{9ADA6BE1-97FA-41FC-A9BD-BE983CF4B49A}.Release|x86.Build.0 = Release|Any CPU
		{A76D6DE8-A9CD-4F2B-AA86-76A8E9773F9B}.Debug|Any CPU.ActiveCfg = Debug|Any CPU
		{A76D6DE8-A9CD-4F2B-AA86-76A8E9773F9B}.Debug|Any CPU.Build.0 = Debug|Any CPU
		{A76D6DE8-A9CD-4F2B-AA86-76A8E9773F9B}.Debug|x64.ActiveCfg = Debug|Any CPU
		{A76D6DE8-A9CD-4F2B-AA86-76A8E9773F9B}.Debug|x64.Build.0 = Debug|Any CPU
		{A76D6DE8-A9CD-4F2B-AA86-76A8E9773F9B}.Debug|x86.ActiveCfg = Debug|Any CPU
		{A76D6DE8-A9CD-4F2B-AA86-76A8E9773F9B}.Debug|x86.Build.0 = Debug|Any CPU
		{A76D6DE8-A9CD-4F2B-AA86-76A8E9773F9B}.Release|Any CPU.ActiveCfg = Release|Any CPU
		{A76D6DE8-A9CD-4F2B-AA86-76A8E9773F9B}.Release|Any CPU.Build.0 = Release|Any CPU
		{A76D6DE8-A9CD-4F2B-AA86-76A8E9773F9B}.Release|x64.ActiveCfg = Release|Any CPU
		{A76D6DE8-A9CD-4F2B-AA86-76A8E9773F9B}.Release|x64.Build.0 = Release|Any CPU
		{A76D6DE8-A9CD-4F2B-AA86-76A8E9773F9B}.Release|x86.ActiveCfg = Release|Any CPU
		{A76D6DE8-A9CD-4F2B-AA86-76A8E9773F9B}.Release|x86.Build.0 = Release|Any CPU
	EndGlobalSection
EndGlobal
